// !$*UTF8*$!
{
	archiveVersion = 1;
	classes = {
	};
	objectVersion = 56;
	objects = {

/* Begin PBXBuildFile section */
		DF74ACC62BC7091E003723AB /* EntryPoint.swift in Sources */ = {isa = PBXBuildFile; fileRef = DF74ACC52BC7091E003723AB /* EntryPoint.swift */; };
		DF74ACC82BC7091E003723AB /* MainView.swift in Sources */ = {isa = PBXBuildFile; fileRef = DF74ACC72BC7091E003723AB /* MainView.swift */; };
		DF74ACCC2BC70921003723AB /* Assets.xcassets in Resources */ = {isa = PBXBuildFile; fileRef = DF74ACCB2BC70921003723AB /* Assets.xcassets */; };
		DF74ACCF2BC70921003723AB /* Preview Assets.xcassets in Resources */ = {isa = PBXBuildFile; fileRef = DF74ACCE2BC70921003723AB /* Preview Assets.xcassets */; };
		DF74ACD72BC7095D003723AB /* NewWindowView.swift in Sources */ = {isa = PBXBuildFile; fileRef = DF74ACD62BC7095D003723AB /* NewWindowView.swift */; };
		F5FDAAFB2C2B487E0033FA8A /* OpenWindowView.swift in Sources */ = {isa = PBXBuildFile; fileRef = F5FDAAFA2C2B48790033FA8A /* OpenWindowView.swift */; };
/* End PBXBuildFile section */

/* Begin PBXFileReference section */
		198D703CC839EAF0727D1BFF /* README.md */ = {isa = PBXFileReference; lastKnownFileType = net.daringfireball.markdown; path = README.md; sourceTree = "<group>"; };
		42AF7C580D105BC85B03CE0C /* LICENSE.txt */ = {isa = PBXFileReference; includeInIndex = 1; path = LICENSE.txt; sourceTree = "<group>"; };
		DF74ACBE2BC7091E003723AB /* New Window.app */ = {isa = PBXFileReference; explicitFileType = wrapper.application; includeInIndex = 0; path = "New Window.app"; sourceTree = BUILT_PRODUCTS_DIR; };
		DF74ACC52BC7091E003723AB /* EntryPoint.swift */ = {isa = PBXFileReference; lastKnownFileType = sourcecode.swift; path = EntryPoint.swift; sourceTree = "<group>"; };
		DF74ACC72BC7091E003723AB /* MainView.swift */ = {isa = PBXFileReference; lastKnownFileType = sourcecode.swift; path = MainView.swift; sourceTree = "<group>"; };
		DF74ACCB2BC70921003723AB /* Assets.xcassets */ = {isa = PBXFileReference; lastKnownFileType = folder.assetcatalog; path = Assets.xcassets; sourceTree = "<group>"; };
		DF74ACCE2BC70921003723AB /* Preview Assets.xcassets */ = {isa = PBXFileReference; lastKnownFileType = folder.assetcatalog; path = "Preview Assets.xcassets"; sourceTree = "<group>"; };
		DF74ACD02BC70921003723AB /* Info.plist */ = {isa = PBXFileReference; lastKnownFileType = text.plist.xml; path = Info.plist; sourceTree = "<group>"; };
		DF74ACD62BC7095D003723AB /* NewWindowView.swift */ = {isa = PBXFileReference; lastKnownFileType = sourcecode.swift; path = NewWindowView.swift; sourceTree = "<group>"; };
		E18C16C7FFB98963379652E4 /* SampleCode.xcconfig */ = {isa = PBXFileReference; name = SampleCode.xcconfig; path = Configuration/SampleCode.xcconfig; sourceTree = "<group>"; };
		F5FDAAFA2C2B48790033FA8A /* OpenWindowView.swift */ = {isa = PBXFileReference; lastKnownFileType = sourcecode.swift; path = OpenWindowView.swift; sourceTree = "<group>"; };
/* End PBXFileReference section */

/* Begin PBXFrameworksBuildPhase section */
		DF74ACBB2BC7091E003723AB /* Frameworks */ = {
			isa = PBXFrameworksBuildPhase;
			buildActionMask = 2147483647;
			files = (
			);
			runOnlyForDeploymentPostprocessing = 0;
		};
/* End PBXFrameworksBuildPhase section */

/* Begin PBXGroup section */
		3796C4667558A6547F7FB54A /* Configuration */ = {
			isa = PBXGroup;
			children = (
				E18C16C7FFB98963379652E4 /* SampleCode.xcconfig */,
			);
			name = Configuration;
			sourceTree = "<group>";
		};
		C8D3796A3A26A5443EFB3872 /* LICENSE */ = {
			isa = PBXGroup;
			children = (
				42AF7C580D105BC85B03CE0C /* LICENSE.txt */,
			);
			name = LICENSE;
			path = .;
			sourceTree = "<group>";
		};
		DF74ACB52BC7091E003723AB = {
			isa = PBXGroup;
			children = (
				198D703CC839EAF0727D1BFF /* README.md */,
				DF74ACC02BC7091E003723AB /* Creating New Windows */,
				DF74ACBF2BC7091E003723AB /* Products */,
				3796C4667558A6547F7FB54A /* Configuration */,
				C8D3796A3A26A5443EFB3872 /* LICENSE */,
			);
			sourceTree = "<group>";
		};
		DF74ACBF2BC7091E003723AB /* Products */ = {
			isa = PBXGroup;
			children = (
				DF74ACBE2BC7091E003723AB /* New Window.app */,
			);
			name = Products;
			sourceTree = "<group>";
		};
		DF74ACC02BC7091E003723AB /* Creating New Windows */ = {
			isa = PBXGroup;
			children = (
				F5FDAAFD2C2B4AC50033FA8A /* Views */,
				F5FDAAFE2C2B4AD80033FA8A /* App */,
			);
			path = "Creating New Windows";
			sourceTree = "<group>";
		};
		F5FDAAFD2C2B4AC50033FA8A /* Views */ = {
			isa = PBXGroup;
			children = (
				DF74ACC72BC7091E003723AB /* MainView.swift */,
				F5FDAAFA2C2B48790033FA8A /* OpenWindowView.swift */,
				DF74ACD62BC7095D003723AB /* NewWindowView.swift */,
			);
			path = Views;
			sourceTree = "<group>";
		};
		F5FDAAFE2C2B4AD80033FA8A /* App */ = {
			isa = PBXGroup;
			children = (
				DF74ACC52BC7091E003723AB /* EntryPoint.swift */,
				DF74ACD02BC70921003723AB /* Info.plist */,
				DF74ACCB2BC70921003723AB /* Assets.xcassets */,
				DF74ACCE2BC70921003723AB /* Preview Assets.xcassets */,
			);
			path = App;
			sourceTree = "<group>";
		};
/* End PBXGroup section */

/* Begin PBXNativeTarget section */
		DF74ACBD2BC7091E003723AB /* New Window */ = {
			isa = PBXNativeTarget;
			buildConfigurationList = DF74ACD32BC70921003723AB /* Build configuration list for PBXNativeTarget "New Window" */;
			buildPhases = (
				DF74ACBA2BC7091E003723AB /* Sources */,
				DF74ACBB2BC7091E003723AB /* Frameworks */,
				DF74ACBC2BC7091E003723AB /* Resources */,
			);
			buildRules = (
			);
			dependencies = (
			);
			name = "New Window";
			productName = "New Window";
			productReference = DF74ACBE2BC7091E003723AB /* New Window.app */;
			productType = "com.apple.product-type.application";
		};
/* End PBXNativeTarget section */

/* Begin PBXProject section */
		DF74ACB62BC7091E003723AB /* Project object */ = {
			isa = PBXProject;
			attributes = {
				BuildIndependentTargetsInParallel = 1;
				LastSwiftUpdateCheck = 1530;
				LastUpgradeCheck = 1530;
				ORGANIZATIONNAME = Apple;
				TargetAttributes = {
					DF74ACBD2BC7091E003723AB = {
						CreatedOnToolsVersion = 15.3;
					};
				};
			};
			buildConfigurationList = DF74ACB92BC7091E003723AB /* Build configuration list for PBXProject "Creating New Windows" */;
			compatibilityVersion = "Xcode 14.0";
			developmentRegion = en;
			hasScannedForEncodings = 0;
			knownRegions = (
				en,
				Base,
			);
			mainGroup = DF74ACB52BC7091E003723AB;
			productRefGroup = DF74ACBF2BC7091E003723AB /* Products */;
			projectDirPath = "";
			projectRoot = "";
			targets = (
				DF74ACBD2BC7091E003723AB /* New Window */,
			);
		};
/* End PBXProject section */

/* Begin PBXResourcesBuildPhase section */
		DF74ACBC2BC7091E003723AB /* Resources */ = {
			isa = PBXResourcesBuildPhase;
			buildActionMask = 2147483647;
			files = (
				DF74ACCF2BC70921003723AB /* Preview Assets.xcassets in Resources */,
				DF74ACCC2BC70921003723AB /* Assets.xcassets in Resources */,
			);
			runOnlyForDeploymentPostprocessing = 0;
		};
/* End PBXResourcesBuildPhase section */

/* Begin PBXSourcesBuildPhase section */
		DF74ACBA2BC7091E003723AB /* Sources */ = {
			isa = PBXSourcesBuildPhase;
			buildActionMask = 2147483647;
			files = (
				F5FDAAFB2C2B487E0033FA8A /* OpenWindowView.swift in Sources */,
				DF74ACC82BC7091E003723AB /* MainView.swift in Sources */,
				DF74ACD72BC7095D003723AB /* NewWindowView.swift in Sources */,
				DF74ACC62BC7091E003723AB /* EntryPoint.swift in Sources */,
			);
			runOnlyForDeploymentPostprocessing = 0;
		};
/* End PBXSourcesBuildPhase section */

/* Begin XCBuildConfiguration section */
		DF74ACD12BC70921003723AB /* Debug */ = {
			isa = XCBuildConfiguration;
			baseConfigurationReference = E18C16C7FFB98963379652E4 /* SampleCode.xcconfig */;
			buildSettings = {
				ALWAYS_SEARCH_USER_PATHS = NO;
				ASSETCATALOG_COMPILER_GENERATE_SWIFT_ASSET_SYMBOL_EXTENSIONS = YES;
				CLANG_ANALYZER_NONNULL = YES;
				CLANG_ANALYZER_NUMBER_OBJECT_CONVERSION = YES_AGGRESSIVE;
				CLANG_CXX_LANGUAGE_STANDARD = "gnu++20";
				CLANG_ENABLE_MODULES = YES;
				CLANG_ENABLE_OBJC_ARC = YES;
				CLANG_ENABLE_OBJC_WEAK = YES;
				CLANG_WARN_BLOCK_CAPTURE_AUTORELEASING = YES;
				CLANG_WARN_BOOL_CONVERSION = YES;
				CLANG_WARN_COMMA = YES;
				CLANG_WARN_CONSTANT_CONVERSION = YES;
				CLANG_WARN_DEPRECATED_OBJC_IMPLEMENTATIONS = YES;
				CLANG_WARN_DIRECT_OBJC_ISA_USAGE = YES_ERROR;
				CLANG_WARN_DOCUMENTATION_COMMENTS = YES;
				CLANG_WARN_EMPTY_BODY = YES;
				CLANG_WARN_ENUM_CONVERSION = YES;
				CLANG_WARN_INFINITE_RECURSION = YES;
				CLANG_WARN_INT_CONVERSION = YES;
				CLANG_WARN_NON_LITERAL_NULL_CONVERSION = YES;
				CLANG_WARN_OBJC_IMPLICIT_RETAIN_SELF = YES;
				CLANG_WARN_OBJC_LITERAL_CONVERSION = YES;
				CLANG_WARN_OBJC_ROOT_CLASS = YES_ERROR;
				CLANG_WARN_QUOTED_INCLUDE_IN_FRAMEWORK_HEADER = YES;
				CLANG_WARN_RANGE_LOOP_ANALYSIS = YES;
				CLANG_WARN_STRICT_PROTOTYPES = YES;
				CLANG_WARN_SUSPICIOUS_MOVE = YES;
				CLANG_WARN_UNGUARDED_AVAILABILITY = YES_AGGRESSIVE;
				CLANG_WARN_UNREACHABLE_CODE = YES;
				CLANG_WARN__DUPLICATE_METHOD_MATCH = YES;
				COPY_PHASE_STRIP = NO;
				DEBUG_INFORMATION_FORMAT = dwarf;
				ENABLE_STRICT_OBJC_MSGSEND = YES;
				ENABLE_TESTABILITY = YES;
				ENABLE_USER_SCRIPT_SANDBOXING = YES;
				GCC_C_LANGUAGE_STANDARD = gnu17;
				GCC_DYNAMIC_NO_PIC = NO;
				GCC_NO_COMMON_BLOCKS = YES;
				GCC_OPTIMIZATION_LEVEL = 0;
				GCC_PREPROCESSOR_DEFINITIONS = (
					"DEBUG=1",
					"$(inherited)",
				);
				GCC_WARN_64_TO_32_BIT_CONVERSION = YES;
				GCC_WARN_ABOUT_RETURN_TYPE = YES_ERROR;
				GCC_WARN_UNDECLARED_SELECTOR = YES;
				GCC_WARN_UNINITIALIZED_AUTOS = YES_AGGRESSIVE;
				GCC_WARN_UNUSED_FUNCTION = YES;
				GCC_WARN_UNUSED_VARIABLE = YES;
				LOCALIZATION_PREFERS_STRING_CATALOGS = YES;
				MTL_ENABLE_DEBUG_INFO = INCLUDE_SOURCE;
				MTL_FAST_MATH = YES;
				ONLY_ACTIVE_ARCH = YES;
				SDKROOT = xros;
				SWIFT_ACTIVE_COMPILATION_CONDITIONS = "DEBUG $(inherited)";
				SWIFT_OPTIMIZATION_LEVEL = "-Onone";
				XROS_DEPLOYMENT_TARGET = 1.1;
			};
			name = Debug;
		};
		DF74ACD22BC70921003723AB /* Release */ = {
			isa = XCBuildConfiguration;
			baseConfigurationReference = E18C16C7FFB98963379652E4 /* SampleCode.xcconfig */;
			buildSettings = {
				ALWAYS_SEARCH_USER_PATHS = NO;
				ASSETCATALOG_COMPILER_GENERATE_SWIFT_ASSET_SYMBOL_EXTENSIONS = YES;
				CLANG_ANALYZER_NONNULL = YES;
				CLANG_ANALYZER_NUMBER_OBJECT_CONVERSION = YES_AGGRESSIVE;
				CLANG_CXX_LANGUAGE_STANDARD = "gnu++20";
				CLANG_ENABLE_MODULES = YES;
				CLANG_ENABLE_OBJC_ARC = YES;
				CLANG_ENABLE_OBJC_WEAK = YES;
				CLANG_WARN_BLOCK_CAPTURE_AUTORELEASING = YES;
				CLANG_WARN_BOOL_CONVERSION = YES;
				CLANG_WARN_COMMA = YES;
				CLANG_WARN_CONSTANT_CONVERSION = YES;
				CLANG_WARN_DEPRECATED_OBJC_IMPLEMENTATIONS = YES;
				CLANG_WARN_DIRECT_OBJC_ISA_USAGE = YES_ERROR;
				CLANG_WARN_DOCUMENTATION_COMMENTS = YES;
				CLANG_WARN_EMPTY_BODY = YES;
				CLANG_WARN_ENUM_CONVERSION = YES;
				CLANG_WARN_INFINITE_RECURSION = YES;
				CLANG_WARN_INT_CONVERSION = YES;
				CLANG_WARN_NON_LITERAL_NULL_CONVERSION = YES;
				CLANG_WARN_OBJC_IMPLICIT_RETAIN_SELF = YES;
				CLANG_WARN_OBJC_LITERAL_CONVERSION = YES;
				CLANG_WARN_OBJC_ROOT_CLASS = YES_ERROR;
				CLANG_WARN_QUOTED_INCLUDE_IN_FRAMEWORK_HEADER = YES;
				CLANG_WARN_RANGE_LOOP_ANALYSIS = YES;
				CLANG_WARN_STRICT_PROTOTYPES = YES;
				CLANG_WARN_SUSPICIOUS_MOVE = YES;
				CLANG_WARN_UNGUARDED_AVAILABILITY = YES_AGGRESSIVE;
				CLANG_WARN_UNREACHABLE_CODE = YES;
				CLANG_WARN__DUPLICATE_METHOD_MATCH = YES;
				COPY_PHASE_STRIP = NO;
				DEBUG_INFORMATION_FORMAT = "dwarf-with-dsym";
				ENABLE_NS_ASSERTIONS = NO;
				ENABLE_STRICT_OBJC_MSGSEND = YES;
				ENABLE_USER_SCRIPT_SANDBOXING = YES;
				GCC_C_LANGUAGE_STANDARD = gnu17;
				GCC_NO_COMMON_BLOCKS = YES;
				GCC_WARN_64_TO_32_BIT_CONVERSION = YES;
				GCC_WARN_ABOUT_RETURN_TYPE = YES_ERROR;
				GCC_WARN_UNDECLARED_SELECTOR = YES;
				GCC_WARN_UNINITIALIZED_AUTOS = YES_AGGRESSIVE;
				GCC_WARN_UNUSED_FUNCTION = YES;
				GCC_WARN_UNUSED_VARIABLE = YES;
				LOCALIZATION_PREFERS_STRING_CATALOGS = YES;
				MTL_ENABLE_DEBUG_INFO = NO;
				MTL_FAST_MATH = YES;
				SDKROOT = xros;
				SWIFT_COMPILATION_MODE = wholemodule;
				VALIDATE_PRODUCT = YES;
				XROS_DEPLOYMENT_TARGET = 1.1;
			};
			name = Release;
		};
		DF74ACD42BC70921003723AB /* Debug */ = {
			isa = XCBuildConfiguration;
			baseConfigurationReference = E18C16C7FFB98963379652E4 /* SampleCode.xcconfig */;
			buildSettings = {
				ASSETCATALOG_COMPILER_APPICON_NAME = AppIcon;
				CODE_SIGN_STYLE = Automatic;
				CURRENT_PROJECT_VERSION = 1;
				DEVELOPMENT_ASSET_PATHS = "Creating\\ New\\ Windows/App";
				DEVELOPMENT_TEAM = "";
				ENABLE_PREVIEWS = YES;
				ENABLE_USER_SCRIPT_SANDBOXING = YES;
				GENERATE_INFOPLIST_FILE = YES;
				INFOPLIST_FILE = "Creating New Windows/App/Info.plist";
				LD_RUNPATH_SEARCH_PATHS = (
					"$(inherited)",
					"@executable_path/Frameworks",
				);
				MARKETING_VERSION = 1.0;
				PRODUCT_BUNDLE_IDENTIFIER = "com.example.apple-samplecode.new-window${SAMPLE_CODE_DISAMBIGUATOR}";
				PRODUCT_NAME = "$(TARGET_NAME)";
				PROVISIONING_PROFILE_SPECIFIER = "";
				SUPPORTED_PLATFORMS = "xros xrsimulator";
				SWIFT_EMIT_LOC_STRINGS = YES;
				SWIFT_VERSION = 5.0;
				TARGETED_DEVICE_FAMILY = "1,2,7";
				XROS_DEPLOYMENT_TARGET = 2.0;
			};
			name = Debug;
		};
		DF74ACD52BC70921003723AB /* Release */ = {
			isa = XCBuildConfiguration;
			baseConfigurationReference = E18C16C7FFB98963379652E4 /* SampleCode.xcconfig */;
			buildSettings = {
				ASSETCATALOG_COMPILER_APPICON_NAME = AppIcon;
				CODE_SIGN_STYLE = Automatic;
				CURRENT_PROJECT_VERSION = 1;
				DEVELOPMENT_ASSET_PATHS = "Creating\\ New\\ Windows/App";
				DEVELOPMENT_TEAM = "";
				ENABLE_PREVIEWS = YES;
				ENABLE_USER_SCRIPT_SANDBOXING = YES;
				GENERATE_INFOPLIST_FILE = YES;
				INFOPLIST_FILE = "Creating New Windows/App/Info.plist";
				LD_RUNPATH_SEARCH_PATHS = (
					"$(inherited)",
					"@executable_path/Frameworks",
				);
				MARKETING_VERSION = 1.0;
				PRODUCT_BUNDLE_IDENTIFIER = "com.example.apple-samplecode.new-window${SAMPLE_CODE_DISAMBIGUATOR}";
				PRODUCT_NAME = "$(TARGET_NAME)";
				PROVISIONING_PROFILE_SPECIFIER = "";
				SUPPORTED_PLATFORMS = "xros xrsimulator";
				SWIFT_EMIT_LOC_STRINGS = YES;
				SWIFT_VERSION = 5.0;
				TARGETED_DEVICE_FAMILY = "1,2,7";
				XROS_DEPLOYMENT_TARGET = 2.0;
			};
			name = Release;
		};
/* End XCBuildConfiguration section */

/* Begin XCConfigurationList section */
		DF74ACB92BC7091E003723AB /* Build configuration list for PBXProject "Creating New Windows" */ = {
			isa = XCConfigurationList;
			buildConfigurations = (
				DF74ACD12BC70921003723AB /* Debug */,
				DF74ACD22BC70921003723AB /* Release */,
			);
			defaultConfigurationIsVisible = 0;
			defaultConfigurationName = Release;
		};
		DF74ACD32BC70921003723AB /* Build configuration list for PBXNativeTarget "New Window" */ = {
			isa = XCConfigurationList;
			buildConfigurations = (
				DF74ACD42BC70921003723AB /* Debug */,
				DF74ACD52BC70921003723AB /* Release */,
			);
			defaultConfigurationIsVisible = 0;
			defaultConfigurationName = Release;
		};
/* End XCConfigurationList section */
	};
	rootObject = DF74ACB62BC7091E003723AB /* Project object */;
}
